{
  "requires": true,
  "lockfileVersion": 1,
  "dependencies": {
    "axios-middleware": {
      "version": "0.3.1",
      "resolved": "https://registry.npmjs.org/axios-middleware/-/axios-middleware-0.3.1.tgz",
      "integrity": "sha512-DuPLxZgqBYnRgEhEUulNzPspf0j9jlH5iWOJHEfuLFfsxWLc7vjeOxR903dp+G+nrU3TYWbg2COLZ4PDUwh87g=="
    }
  }
}
